<?xml version="1.0" encoding="utf-8"?>
<Project ToolsVersion="4.0" xmlns="http://schemas.microsoft.com/developer/msbuild/2003">
  <ItemGroup>
    <CudaCompile Include="headers\kernel.cu">
      <Filter>Headers</Filter>
    </CudaCompile>
  </ItemGroup>
  <ItemGroup>
    <ClCompile Include="Init.cpp" />
    <ClCompile Include="main.cpp" />
    <ClCompile Include="GLInterface.cpp" />
    <ClCompile Include="Imgui\imgui.cpp">
      <Filter>Imgui</Filter>
    </ClCompile>
    <ClCompile Include="Imgui\imgui_demo.cpp">
      <Filter>Imgui</Filter>
    </ClCompile>
    <ClCompile Include="Imgui\imgui_draw.cpp">
      <Filter>Imgui</Filter>
    </ClCompile>
    <ClCompile Include="Imgui\imgui_impl_glfw.cpp">
      <Filter>Imgui</Filter>
    </ClCompile>
    <ClCompile Include="Imgui\imgui_impl_opengl3.cpp">
      <Filter>Imgui</Filter>
    </ClCompile>
    <ClCompile Include="Imgui\imgui_widgets.cpp">
      <Filter>Imgui</Filter>
    </ClCompile>
    <ClCompile Include="headers\Rendering\Renderer.cpp">
      <Filter>Headers\Rendering</Filter>
    </ClCompile>
    <ClCompile Include="Keyboard.cpp" />
    <ClCompile Include="Mouse.cpp" />
    <ClCompile Include="Globals.cpp" />
  </ItemGroup>
  <ItemGroup>
    <ClInclude Include="Imgui\imconfig.h">
      <Filter>Imgui</Filter>
    </ClInclude>
    <ClInclude Include="Imgui\imgui.h">
      <Filter>Imgui</Filter>
    </ClInclude>
    <ClInclude Include="Imgui\imgui_impl_glfw.h">
      <Filter>Imgui</Filter>
    </ClInclude>
    <ClInclude Include="Imgui\imgui_impl_opengl3.h">
      <Filter>Imgui</Filter>
    </ClInclude>
    <ClInclude Include="Imgui\imgui_internal.h">
      <Filter>Imgui</Filter>
    </ClInclude>
    <ClInclude Include="Imgui\imstb_rectpack.h">
      <Filter>Imgui</Filter>
    </ClInclude>
    <ClInclude Include="Imgui\imstb_textedit.h">
      <Filter>Imgui</Filter>
    </ClInclude>
    <ClInclude Include="Imgui\imstb_truetype.h">
      <Filter>Imgui</Filter>
    </ClInclude>
    <ClInclude Include="headers\Rendering\Mesh.hpp">
      <Filter>Headers\Rendering</Filter>
    </ClInclude>
    <ClInclude Include="headers\Rendering\ShapeMesh.hpp">
      <Filter>Headers\Rendering</Filter>
    </ClInclude>
    <ClInclude Include="headers\Rendering\Renderer.hpp">
      <Filter>Headers\Rendering</Filter>
    </ClInclude>
    <ClInclude Include="headers\Callbacks.h">
      <Filter>Headers</Filter>
    </ClInclude>
    <ClInclude Include="headers\Camera.h">
      <Filter>Headers</Filter>
    </ClInclude>
    <ClInclude Include="headers\Cube.h">
      <Filter>Headers</Filter>
    </ClInclude>
    <ClInclude Include="headers\Cube.hpp">
      <Filter>Headers</Filter>
    </ClInclude>
    <ClInclude Include="headers\Cube_norm.h">
      <Filter>Headers</Filter>
    </ClInclude>
    <ClInclude Include="headers\Engine.h">
      <Filter>Headers</Filter>
    </ClInclude>
    <ClInclude Include="headers\ErrorLog.h">
      <Filter>Headers</Filter>
    </ClInclude>
    <ClInclude Include="headers\GL_Calls.h">
      <Filter>Headers</Filter>
    </ClInclude>
    <ClInclude Include="headers\GLIntferace.h">
      <Filter>Headers</Filter>
    </ClInclude>
    <ClInclude Include="headers\Globals.h">
      <Filter>Headers</Filter>
    </ClInclude>
    <ClInclude Include="headers\GuideLines.h">
      <Filter>Headers</Filter>
    </ClInclude>
    <ClInclude Include="headers\ICallbacks.h">
      <Filter>Headers</Filter>
    </ClInclude>
    <ClInclude Include="headers\Imgui.h">
      <Filter>Headers</Filter>
    </ClInclude>
    <ClInclude Include="headers\IndexBuffer.h">
      <Filter>Headers</Filter>
    </ClInclude>
    <ClInclude Include="headers\Init.hpp">
      <Filter>Headers</Filter>
    </ClInclude>
    <ClInclude Include="headers\Keyboard.h">
      <Filter>Headers</Filter>
    </ClInclude>
    <ClInclude Include="headers\Lights.hpp">
      <Filter>Headers</Filter>
    </ClInclude>
    <ClInclude Include="headers\Model.h">
      <Filter>Headers</Filter>
    </ClInclude>
    <ClInclude Include="headers\Mouse.h">
      <Filter>Headers</Filter>
    </ClInclude>
    <ClInclude Include="headers\Shaders.hpp">
      <Filter>Headers</Filter>
    </ClInclude>
    <ClInclude Include="headers\Simulation.h">
      <Filter>Headers</Filter>
    </ClInclude>
    <ClInclude Include="headers\stb_image.h">
      <Filter>Headers</Filter>
    </ClInclude>
    <ClInclude Include="headers\Texture.h">
      <Filter>Headers</Filter>
    </ClInclude>
    <ClInclude Include="headers\Vertex.h">
      <Filter>Headers</Filter>
    </ClInclude>
    <ClInclude Include="headers\VertexArray.hpp">
      <Filter>Headers</Filter>
    </ClInclude>
    <ClInclude Include="headers\VertexBuffer.hpp">
      <Filter>Headers</Filter>
    </ClInclude>
    <ClInclude Include="headers\VertexBufferLayout.hpp">
      <Filter>Headers</Filter>
    </ClInclude>
    <ClInclude Include="Lines.hpp" />
  </ItemGroup>
  <ItemGroup>
    <Filter Include="Imgui">
      <UniqueIdentifier>{cf8a9269-7896-4b20-b041-21c8e499dbac}</UniqueIdentifier>
    </Filter>
    <Filter Include="Headers">
      <UniqueIdentifier>{67122679-f42d-40d4-af67-c2c0acc0f1dd}</UniqueIdentifier>
    </Filter>
    <Filter Include="Headers\Rendering">
      <UniqueIdentifier>{bad71f99-7f78-48f8-8800-19f80f27d95c}</UniqueIdentifier>
    </Filter>
  </ItemGroup>
  <ItemGroup>
    <None Include="headers\LightFragmentShader.glsl">
      <Filter>Headers</Filter>
    </None>
  </ItemGroup>
</Project>