<?xml version="1.0" encoding="utf-8"?>
<Project ToolsVersion="4.0" xmlns="http://schemas.microsoft.com/developer/msbuild/2003">
  <ItemGroup>
    <CudaCompile Include="kernel.cu" />
  </ItemGroup>
  <ItemGroup>
    <ClCompile Include="Init.cpp" />
    <ClCompile Include="main.cpp" />
    <ClCompile Include="GLInterface.cpp" />
    <ClCompile Include="Imgui\imgui.cpp">
      <Filter>Imgui</Filter>
    </ClCompile>
    <ClCompile Include="Imgui\imgui_demo.cpp">
      <Filter>Imgui</Filter>
    </ClCompile>
    <ClCompile Include="Imgui\imgui_draw.cpp">
      <Filter>Imgui</Filter>
    </ClCompile>
    <ClCompile Include="Imgui\imgui_impl_glfw.cpp">
      <Filter>Imgui</Filter>
    </ClCompile>
    <ClCompile Include="Imgui\imgui_impl_opengl3.cpp">
      <Filter>Imgui</Filter>
    </ClCompile>
    <ClCompile Include="Imgui\imgui_widgets.cpp">
      <Filter>Imgui</Filter>
    </ClCompile>
    <ClCompile Include="Keyboard.cpp">
      <Filter>Headers</Filter>
    </ClCompile>
    <ClCompile Include="Mouse.cpp">
      <Filter>Headers</Filter>
    </ClCompile>
  </ItemGroup>
  <ItemGroup>
    <ClInclude Include="Imgui\imconfig.h">
      <Filter>Imgui</Filter>
    </ClInclude>
    <ClInclude Include="Imgui\imgui.h">
      <Filter>Imgui</Filter>
    </ClInclude>
    <ClInclude Include="Imgui\imgui_impl_glfw.h">
      <Filter>Imgui</Filter>
    </ClInclude>
    <ClInclude Include="Imgui\imgui_impl_opengl3.h">
      <Filter>Imgui</Filter>
    </ClInclude>
    <ClInclude Include="Imgui\imgui_internal.h">
      <Filter>Imgui</Filter>
    </ClInclude>
    <ClInclude Include="Imgui\imstb_rectpack.h">
      <Filter>Imgui</Filter>
    </ClInclude>
    <ClInclude Include="Imgui\imstb_textedit.h">
      <Filter>Imgui</Filter>
    </ClInclude>
    <ClInclude Include="Imgui\imstb_truetype.h">
      <Filter>Imgui</Filter>
    </ClInclude>
    <ClInclude Include="Callbacks.h">
      <Filter>Headers</Filter>
    </ClInclude>
    <ClInclude Include="Camera.h">
      <Filter>Headers</Filter>
    </ClInclude>
    <ClInclude Include="Cube.h">
      <Filter>Headers</Filter>
    </ClInclude>
    <ClInclude Include="ErrorLog.h">
      <Filter>Headers</Filter>
    </ClInclude>
    <ClInclude Include="GLIntferace.h">
      <Filter>Headers</Filter>
    </ClInclude>
    <ClInclude Include="GuideLines.h">
      <Filter>Headers</Filter>
    </ClInclude>
    <ClInclude Include="Imgui.h">
      <Filter>Headers</Filter>
    </ClInclude>
    <ClInclude Include="IndexBuffer.h">
      <Filter>Headers</Filter>
    </ClInclude>
    <ClInclude Include="Init.hpp">
      <Filter>Headers</Filter>
    </ClInclude>
    <ClInclude Include="Lights.hpp">
      <Filter>Headers</Filter>
    </ClInclude>
    <ClInclude Include="Mesh.h">
      <Filter>Headers</Filter>
    </ClInclude>
    <ClInclude Include="Model.h">
      <Filter>Headers</Filter>
    </ClInclude>
    <ClInclude Include="Shaders.hpp">
      <Filter>Headers</Filter>
    </ClInclude>
    <ClInclude Include="Simulation.h">
      <Filter>Headers</Filter>
    </ClInclude>
    <ClInclude Include="stb_image.h">
      <Filter>Headers</Filter>
    </ClInclude>
    <ClInclude Include="VertexArray.hpp">
      <Filter>Headers</Filter>
    </ClInclude>
    <ClInclude Include="VertexBuffer.hpp">
      <Filter>Headers</Filter>
    </ClInclude>
    <ClInclude Include="Texture.h">
      <Filter>Headers</Filter>
    </ClInclude>
    <ClInclude Include="Vertex.h">
      <Filter>Headers</Filter>
    </ClInclude>
    <ClInclude Include="ICallbacks.h">
      <Filter>Headers</Filter>
    </ClInclude>
    <ClInclude Include="Cube_norm.h">
      <Filter>Headers</Filter>
    </ClInclude>
    <ClInclude Include="Globals.h">
      <Filter>Headers</Filter>
    </ClInclude>
    <ClInclude Include="VertexBufferLayout.hpp">
      <Filter>Headers</Filter>
    </ClInclude>
    <ClInclude Include="GL_Calls.h">
      <Filter>Headers</Filter>
    </ClInclude>
    <ClInclude Include="Engine.h">
      <Filter>Headers</Filter>
    </ClInclude>
    <ClInclude Include="Keyboard.h">
      <Filter>Headers</Filter>
    </ClInclude>
    <ClInclude Include="Mouse.h">
      <Filter>Headers</Filter>
    </ClInclude>
  </ItemGroup>
  <ItemGroup>
    <Filter Include="Imgui">
      <UniqueIdentifier>{cf8a9269-7896-4b20-b041-21c8e499dbac}</UniqueIdentifier>
    </Filter>
    <Filter Include="Headers">
      <UniqueIdentifier>{67122679-f42d-40d4-af67-c2c0acc0f1dd}</UniqueIdentifier>
    </Filter>
  </ItemGroup>
</Project>